
Microsoft Visual Studio Solution File, Format Version 12.00
# Visual Studio Version 16
VisualStudioVersion = 16.0.30907.101
MinimumVisualStudioVersion = 10.0.40219.1
Project("{FAE04EC0-301F-11D3-BF4B-00C04F79EFBC}") = "LeetCode", "LeetCode\LeetCode.csproj", "{390C4934-D27B-4ED3-8BDF-2990FF7D8666}"
EndProject
Global
	GlobalSection(SolutionConfigurationPlatforms) = preSolution
		Debug|Any CPU = Debug|Any CPU
		Release|Any CPU = Release|Any CPU
	EndGlobalSection
	GlobalSection(ProjectConfigurationPlatforms) = postSolution
		{390C4934-D27B-4ED3-8BDF-2990FF7D8666}.Debug|Any CPU.ActiveCfg = Debug|Any CPU
		{390C4934-D27B-4ED3-8BDF-2990FF7D8666}.Debug|Any CPU.Build.0 = Debug|Any CPU
		{390C4934-D27B-4ED3-8BDF-2990FF7D8666}.Release|Any CPU.ActiveCfg = Release|Any CPU
		{390C4934-D27B-4ED3-8BDF-2990FF7D8666}.Release|Any CPU.Build.0 = Release|Any CPU
	EndGlobalSection
	GlobalSection(SolutionProperties) = preSolution
		HideSolutionNode = FALSE
	EndGlobalSection
	GlobalSection(ExtensibilityGlobals) = postSolution
		SolutionGuid = {D1130F54-7D5B-4DAD-BDF4-81A4128ABEB9}
	EndGlobalSection
EndGlobal
