
Microsoft Visual Studio Solution File, Format Version 12.00
# Visual Studio Version 16
VisualStudioVersion = 16.0.30717.126
MinimumVisualStudioVersion = 10.0.40219.1
Project("{FAE04EC0-301F-11D3-BF4B-00C04F79EFBC}") = "LeetCode", "LeetCode\LeetCode.csproj", "{EB695DE0-730F-46A3-B1A4-3C69E8A24F6C}"
EndProject
Global
	GlobalSection(SolutionConfigurationPlatforms) = preSolution
		Debug|Any CPU = Debug|Any CPU
		Release|Any CPU = Release|Any CPU
	EndGlobalSection
	GlobalSection(ProjectConfigurationPlatforms) = postSolution
		{EB695DE0-730F-46A3-B1A4-3C69E8A24F6C}.Debug|Any CPU.ActiveCfg = Debug|Any CPU
		{EB695DE0-730F-46A3-B1A4-3C69E8A24F6C}.Debug|Any CPU.Build.0 = Debug|Any CPU
		{EB695DE0-730F-46A3-B1A4-3C69E8A24F6C}.Release|Any CPU.ActiveCfg = Release|Any CPU
		{EB695DE0-730F-46A3-B1A4-3C69E8A24F6C}.Release|Any CPU.Build.0 = Release|Any CPU
	EndGlobalSection
	GlobalSection(SolutionProperties) = preSolution
		HideSolutionNode = FALSE
	EndGlobalSection
	GlobalSection(ExtensibilityGlobals) = postSolution
		SolutionGuid = {96EF375E-C7A0-453B-950B-1CE0A90782FC}
	EndGlobalSection
EndGlobal
