
Microsoft Visual Studio Solution File, Format Version 12.00
# Visual Studio Version 16
VisualStudioVersion = 16.0.30907.101
MinimumVisualStudioVersion = 10.0.40219.1
Project("{FAE04EC0-301F-11D3-BF4B-00C04F79EFBC}") = "AlgoExpert", "AlgoExpert\AlgoExpert.csproj", "{5FE1D084-317D-41BB-B084-BA83F3DE0627}"
EndProject
Global
	GlobalSection(SolutionConfigurationPlatforms) = preSolution
		Debug|Any CPU = Debug|Any CPU
		Release|Any CPU = Release|Any CPU
	EndGlobalSection
	GlobalSection(ProjectConfigurationPlatforms) = postSolution
		{5FE1D084-317D-41BB-B084-BA83F3DE0627}.Debug|Any CPU.ActiveCfg = Debug|Any CPU
		{5FE1D084-317D-41BB-B084-BA83F3DE0627}.Debug|Any CPU.Build.0 = Debug|Any CPU
		{5FE1D084-317D-41BB-B084-BA83F3DE0627}.Release|Any CPU.ActiveCfg = Release|Any CPU
		{5FE1D084-317D-41BB-B084-BA83F3DE0627}.Release|Any CPU.Build.0 = Release|Any CPU
	EndGlobalSection
	GlobalSection(SolutionProperties) = preSolution
		HideSolutionNode = FALSE
	EndGlobalSection
	GlobalSection(ExtensibilityGlobals) = postSolution
		SolutionGuid = {661C356E-E8A8-4F29-9DE5-1AC11305B58A}
	EndGlobalSection
EndGlobal
