
Microsoft Visual Studio Solution File, Format Version 12.00
# Visual Studio Version 16
VisualStudioVersion = 16.0.30717.126
MinimumVisualStudioVersion = 10.0.40219.1
Project("{FAE04EC0-301F-11D3-BF4B-00C04F79EFBC}") = "AutomateReadme", "AutomateReadme\AutomateReadme.csproj", "{74A6B37C-025A-45BE-9C64-3421407C419E}"
EndProject
Global
	GlobalSection(SolutionConfigurationPlatforms) = preSolution
		Debug|Any CPU = Debug|Any CPU
		Release|Any CPU = Release|Any CPU
	EndGlobalSection
	GlobalSection(ProjectConfigurationPlatforms) = postSolution
		{74A6B37C-025A-45BE-9C64-3421407C419E}.Debug|Any CPU.ActiveCfg = Debug|Any CPU
		{74A6B37C-025A-45BE-9C64-3421407C419E}.Debug|Any CPU.Build.0 = Debug|Any CPU
		{74A6B37C-025A-45BE-9C64-3421407C419E}.Release|Any CPU.ActiveCfg = Release|Any CPU
		{74A6B37C-025A-45BE-9C64-3421407C419E}.Release|Any CPU.Build.0 = Release|Any CPU
	EndGlobalSection
	GlobalSection(SolutionProperties) = preSolution
		HideSolutionNode = FALSE
	EndGlobalSection
	GlobalSection(ExtensibilityGlobals) = postSolution
		SolutionGuid = {915C538F-F0B6-4F38-B339-314D5FD0A3FF}
	EndGlobalSection
EndGlobal
